// !$*UTF8*$!
{
	archiveVersion = 1;
	classes = {
	};
	objectVersion = 55;
	objects = {

/* Begin PBXBuildFile section */
		43FB90082851EA060048E58C /* Tests_iOS.swift in Sources */ = {isa = PBXBuildFile; fileRef = 43FB90072851EA060048E58C /* Tests_iOS.swift */; };
		43FB900A2851EA060048E58C /* Tests_iOSLaunchTests.swift in Sources */ = {isa = PBXBuildFile; fileRef = 43FB90092851EA060048E58C /* Tests_iOSLaunchTests.swift */; };
		43FB90142851EA060048E58C /* Tests_macOS.swift in Sources */ = {isa = PBXBuildFile; fileRef = 43FB90132851EA060048E58C /* Tests_macOS.swift */; };
		43FB90162851EA060048E58C /* Tests_macOSLaunchTests.swift in Sources */ = {isa = PBXBuildFile; fileRef = 43FB90152851EA060048E58C /* Tests_macOSLaunchTests.swift */; };
		43FB90172851EA060048E58C /* real_moonApp.swift in Sources */ = {isa = PBXBuildFile; fileRef = 43FB8FEF2851EA040048E58C /* real_moonApp.swift */; };
		43FB90182851EA060048E58C /* real_moonApp.swift in Sources */ = {isa = PBXBuildFile; fileRef = 43FB8FEF2851EA040048E58C /* real_moonApp.swift */; };
		43FB90192851EA060048E58C /* ContentView.swift in Sources */ = {isa = PBXBuildFile; fileRef = 43FB8FF02851EA040048E58C /* ContentView.swift */; };
		43FB901A2851EA060048E58C /* ContentView.swift in Sources */ = {isa = PBXBuildFile; fileRef = 43FB8FF02851EA040048E58C /* ContentView.swift */; };
		43FB901B2851EA060048E58C /* Assets.xcassets in Resources */ = {isa = PBXBuildFile; fileRef = 43FB8FF12851EA060048E58C /* Assets.xcassets */; };
		43FB901C2851EA060048E58C /* Assets.xcassets in Resources */ = {isa = PBXBuildFile; fileRef = 43FB8FF12851EA060048E58C /* Assets.xcassets */; };
/* End PBXBuildFile section */

/* Begin PBXContainerItemProxy section */
		43FB90042851EA060048E58C /* PBXContainerItemProxy */ = {
			isa = PBXContainerItemProxy;
			containerPortal = 43FB8FEA2851EA040048E58C /* Project object */;
			proxyType = 1;
			remoteGlobalIDString = 43FB8FF52851EA060048E58C;
			remoteInfo = "real_moon (iOS)";
		};
		43FB90102851EA060048E58C /* PBXContainerItemProxy */ = {
			isa = PBXContainerItemProxy;
			containerPortal = 43FB8FEA2851EA040048E58C /* Project object */;
			proxyType = 1;
			remoteGlobalIDString = 43FB8FFB2851EA060048E58C;
			remoteInfo = "real_moon (macOS)";
		};
/* End PBXContainerItemProxy section */

/* Begin PBXFileReference section */
		43FB8FEF2851EA040048E58C /* real_moonApp.swift */ = {isa = PBXFileReference; lastKnownFileType = sourcecode.swift; path = real_moonApp.swift; sourceTree = "<group>"; };
		43FB8FF02851EA040048E58C /* ContentView.swift */ = {isa = PBXFileReference; lastKnownFileType = sourcecode.swift; path = ContentView.swift; sourceTree = "<group>"; };
		43FB8FF12851EA060048E58C /* Assets.xcassets */ = {isa = PBXFileReference; lastKnownFileType = folder.assetcatalog; path = Assets.xcassets; sourceTree = "<group>"; };
		43FB8FF62851EA060048E58C /* real_moon.app */ = {isa = PBXFileReference; explicitFileType = wrapper.application; includeInIndex = 0; path = real_moon.app; sourceTree = BUILT_PRODUCTS_DIR; };
		43FB8FFC2851EA060048E58C /* real_moon.app */ = {isa = PBXFileReference; explicitFileType = wrapper.application; includeInIndex = 0; path = real_moon.app; sourceTree = BUILT_PRODUCTS_DIR; };
		43FB8FFE2851EA060048E58C /* macOS.entitlements */ = {isa = PBXFileReference; lastKnownFileType = text.plist.entitlements; path = macOS.entitlements; sourceTree = "<group>"; };
		43FB90032851EA060048E58C /* Tests iOS.xctest */ = {isa = PBXFileReference; explicitFileType = wrapper.cfbundle; includeInIndex = 0; path = "Tests iOS.xctest"; sourceTree = BUILT_PRODUCTS_DIR; };
		43FB90072851EA060048E58C /* Tests_iOS.swift */ = {isa = PBXFileReference; lastKnownFileType = sourcecode.swift; path = Tests_iOS.swift; sourceTree = "<group>"; };
		43FB90092851EA060048E58C /* Tests_iOSLaunchTests.swift */ = {isa = PBXFileReference; lastKnownFileType = sourcecode.swift; path = Tests_iOSLaunchTests.swift; sourceTree = "<group>"; };
		43FB900F2851EA060048E58C /* Tests macOS.xctest */ = {isa = PBXFileReference; explicitFileType = wrapper.cfbundle; includeInIndex = 0; path = "Tests macOS.xctest"; sourceTree = BUILT_PRODUCTS_DIR; };
		43FB90132851EA060048E58C /* Tests_macOS.swift */ = {isa = PBXFileReference; lastKnownFileType = sourcecode.swift; path = Tests_macOS.swift; sourceTree = "<group>"; };
		43FB90152851EA060048E58C /* Tests_macOSLaunchTests.swift */ = {isa = PBXFileReference; lastKnownFileType = sourcecode.swift; path = Tests_macOSLaunchTests.swift; sourceTree = "<group>"; };
/* End PBXFileReference section */

/* Begin PBXFrameworksBuildPhase section */
		43FB8FF32851EA060048E58C /* Frameworks */ = {
			isa = PBXFrameworksBuildPhase;
			buildActionMask = 2147483647;
			files = (
			);
			runOnlyForDeploymentPostprocessing = 0;
		};
		43FB8FF92851EA060048E58C /* Frameworks */ = {
			isa = PBXFrameworksBuildPhase;
			buildActionMask = 2147483647;
			files = (
			);
			runOnlyForDeploymentPostprocessing = 0;
		};
		43FB90002851EA060048E58C /* Frameworks */ = {
			isa = PBXFrameworksBuildPhase;
			buildActionMask = 2147483647;
			files = (
			);
			runOnlyForDeploymentPostprocessing = 0;
		};
		43FB900C2851EA060048E58C /* Frameworks */ = {
			isa = PBXFrameworksBuildPhase;
			buildActionMask = 2147483647;
			files = (
			);
			runOnlyForDeploymentPostprocessing = 0;
		};
/* End PBXFrameworksBuildPhase section */

/* Begin PBXGroup section */
		43FB8FE92851EA040048E58C = {
			isa = PBXGroup;
			children = (
				43FB8FEE2851EA040048E58C /* Shared */,
				43FB8FFD2851EA060048E58C /* macOS */,
				43FB90062851EA060048E58C /* Tests iOS */,
				43FB90122851EA060048E58C /* Tests macOS */,
				43FB8FF72851EA060048E58C /* Products */,
			);
			sourceTree = "<group>";
		};
		43FB8FEE2851EA040048E58C /* Shared */ = {
			isa = PBXGroup;
			children = (
				43FB8FEF2851EA040048E58C /* real_moonApp.swift */,
				43FB8FF02851EA040048E58C /* ContentView.swift */,
				43FB8FF12851EA060048E58C /* Assets.xcassets */,
			);
			path = Shared;
			sourceTree = "<group>";
		};
		43FB8FF72851EA060048E58C /* Products */ = {
			isa = PBXGroup;
			children = (
				43FB8FF62851EA060048E58C /* real_moon.app */,
				43FB8FFC2851EA060048E58C /* real_moon.app */,
				43FB90032851EA060048E58C /* Tests iOS.xctest */,
				43FB900F2851EA060048E58C /* Tests macOS.xctest */,
			);
			name = Products;
			sourceTree = "<group>";
		};
		43FB8FFD2851EA060048E58C /* macOS */ = {
			isa = PBXGroup;
			children = (
				43FB8FFE2851EA060048E58C /* macOS.entitlements */,
			);
			path = macOS;
			sourceTree = "<group>";
		};
		43FB90062851EA060048E58C /* Tests iOS */ = {
			isa = PBXGroup;
			children = (
				43FB90072851EA060048E58C /* Tests_iOS.swift */,
				43FB90092851EA060048E58C /* Tests_iOSLaunchTests.swift */,
			);
			path = "Tests iOS";
			sourceTree = "<group>";
		};
		43FB90122851EA060048E58C /* Tests macOS */ = {
			isa = PBXGroup;
			children = (
				43FB90132851EA060048E58C /* Tests_macOS.swift */,
				43FB90152851EA060048E58C /* Tests_macOSLaunchTests.swift */,
			);
			path = "Tests macOS";
			sourceTree = "<group>";
		};
/* End PBXGroup section */

/* Begin PBXNativeTarget section */
		43FB8FF52851EA060048E58C /* real_moon (iOS) */ = {
			isa = PBXNativeTarget;
			buildConfigurationList = 43FB901F2851EA060048E58C /* Build configuration list for PBXNativeTarget "real_moon (iOS)" */;
			buildPhases = (
				43FB8FF22851EA060048E58C /* Sources */,
				43FB8FF32851EA060048E58C /* Frameworks */,
				43FB8FF42851EA060048E58C /* Resources */,
			);
			buildRules = (
			);
			dependencies = (
			);
			name = "real_moon (iOS)";
			productName = "real_moon (iOS)";
			productReference = 43FB8FF62851EA060048E58C /* real_moon.app */;
			productType = "com.apple.product-type.application";
		};
		43FB8FFB2851EA060048E58C /* real_moon (macOS) */ = {
			isa = PBXNativeTarget;
			buildConfigurationList = 43FB90222851EA060048E58C /* Build configuration list for PBXNativeTarget "real_moon (macOS)" */;
			buildPhases = (
				43FB8FF82851EA060048E58C /* Sources */,
				43FB8FF92851EA060048E58C /* Frameworks */,
				43FB8FFA2851EA060048E58C /* Resources */,
			);
			buildRules = (
			);
			dependencies = (
			);
			name = "real_moon (macOS)";
			productName = "real_moon (macOS)";
			productReference = 43FB8FFC2851EA060048E58C /* real_moon.app */;
			productType = "com.apple.product-type.application";
		};
		43FB90022851EA060048E58C /* Tests iOS */ = {
			isa = PBXNativeTarget;
			buildConfigurationList = 43FB90252851EA060048E58C /* Build configuration list for PBXNativeTarget "Tests iOS" */;
			buildPhases = (
				43FB8FFF2851EA060048E58C /* Sources */,
				43FB90002851EA060048E58C /* Frameworks */,
				43FB90012851EA060048E58C /* Resources */,
			);
			buildRules = (
			);
			dependencies = (
				43FB90052851EA060048E58C /* PBXTargetDependency */,
			);
			name = "Tests iOS";
			productName = "Tests iOS";
			productReference = 43FB90032851EA060048E58C /* Tests iOS.xctest */;
			productType = "com.apple.product-type.bundle.ui-testing";
		};
		43FB900E2851EA060048E58C /* Tests macOS */ = {
			isa = PBXNativeTarget;
			buildConfigurationList = 43FB90282851EA060048E58C /* Build configuration list for PBXNativeTarget "Tests macOS" */;
			buildPhases = (
				43FB900B2851EA060048E58C /* Sources */,
				43FB900C2851EA060048E58C /* Frameworks */,
				43FB900D2851EA060048E58C /* Resources */,
			);
			buildRules = (
			);
			dependencies = (
				43FB90112851EA060048E58C /* PBXTargetDependency */,
			);
			name = "Tests macOS";
			productName = "Tests macOS";
			productReference = 43FB900F2851EA060048E58C /* Tests macOS.xctest */;
			productType = "com.apple.product-type.bundle.ui-testing";
		};
/* End PBXNativeTarget section */

/* Begin PBXProject section */
		43FB8FEA2851EA040048E58C /* Project object */ = {
			isa = PBXProject;
			attributes = {
				BuildIndependentTargetsInParallel = 1;
				LastSwiftUpdateCheck = 1330;
				LastUpgradeCheck = 1330;
				TargetAttributes = {
					43FB8FF52851EA060048E58C = {
						CreatedOnToolsVersion = 13.3.1;
					};
					43FB8FFB2851EA060048E58C = {
						CreatedOnToolsVersion = 13.3.1;
					};
					43FB90022851EA060048E58C = {
						CreatedOnToolsVersion = 13.3.1;
						TestTargetID = 43FB8FF52851EA060048E58C;
					};
					43FB900E2851EA060048E58C = {
						CreatedOnToolsVersion = 13.3.1;
						TestTargetID = 43FB8FFB2851EA060048E58C;
					};
				};
			};
			buildConfigurationList = 43FB8FED2851EA040048E58C /* Build configuration list for PBXProject "real_moon" */;
			compatibilityVersion = "Xcode 13.0";
			developmentRegion = en;
			hasScannedForEncodings = 0;
			knownRegions = (
				en,
				Base,
			);
			mainGroup = 43FB8FE92851EA040048E58C;
			productRefGroup = 43FB8FF72851EA060048E58C /* Products */;
			projectDirPath = "";
			projectRoot = "";
			targets = (
				43FB8FF52851EA060048E58C /* real_moon (iOS) */,
				43FB8FFB2851EA060048E58C /* real_moon (macOS) */,
				43FB90022851EA060048E58C /* Tests iOS */,
				43FB900E2851EA060048E58C /* Tests macOS */,
			);
		};
/* End PBXProject section */

/* Begin PBXResourcesBuildPhase section */
		43FB8FF42851EA060048E58C /* Resources */ = {
			isa = PBXResourcesBuildPhase;
			buildActionMask = 2147483647;
			files = (
				43FB901B2851EA060048E58C /* Assets.xcassets in Resources */,
			);
			runOnlyForDeploymentPostprocessing = 0;
		};
		43FB8FFA2851EA060048E58C /* Resources */ = {
			isa = PBXResourcesBuildPhase;
			buildActionMask = 2147483647;
			files = (
				43FB901C2851EA060048E58C /* Assets.xcassets in Resources */,
			);
			runOnlyForDeploymentPostprocessing = 0;
		};
		43FB90012851EA060048E58C /* Resources */ = {
			isa = PBXResourcesBuildPhase;
			buildActionMask = 2147483647;
			files = (
			);
			runOnlyForDeploymentPostprocessing = 0;
		};
		43FB900D2851EA060048E58C /* Resources */ = {
			isa = PBXResourcesBuildPhase;
			buildActionMask = 2147483647;
			files = (
			);
			runOnlyForDeploymentPostprocessing = 0;
		};
/* End PBXResourcesBuildPhase section */

/* Begin PBXSourcesBuildPhase section */
		43FB8FF22851EA060048E58C /* Sources */ = {
			isa = PBXSourcesBuildPhase;
			buildActionMask = 2147483647;
			files = (
				43FB90192851EA060048E58C /* ContentView.swift in Sources */,
				43FB90172851EA060048E58C /* real_moonApp.swift in Sources */,
			);
			runOnlyForDeploymentPostprocessing = 0;
		};
		43FB8FF82851EA060048E58C /* Sources */ = {
			isa = PBXSourcesBuildPhase;
			buildActionMask = 2147483647;
			files = (
				43FB901A2851EA060048E58C /* ContentView.swift in Sources */,
				43FB90182851EA060048E58C /* real_moonApp.swift in Sources */,
			);
			runOnlyForDeploymentPostprocessing = 0;
		};
		43FB8FFF2851EA060048E58C /* Sources */ = {
			isa = PBXSourcesBuildPhase;
			buildActionMask = 2147483647;
			files = (
				43FB900A2851EA060048E58C /* Tests_iOSLaunchTests.swift in Sources */,
				43FB90082851EA060048E58C /* Tests_iOS.swift in Sources */,
			);
			runOnlyForDeploymentPostprocessing = 0;
		};
		43FB900B2851EA060048E58C /* Sources */ = {
			isa = PBXSourcesBuildPhase;
			buildActionMask = 2147483647;
			files = (
				43FB90162851EA060048E58C /* Tests_macOSLaunchTests.swift in Sources */,
				43FB90142851EA060048E58C /* Tests_macOS.swift in Sources */,
			);
			runOnlyForDeploymentPostprocessing = 0;
		};
/* End PBXSourcesBuildPhase section */

/* Begin PBXTargetDependency section */
		43FB90052851EA060048E58C /* PBXTargetDependency */ = {
			isa = PBXTargetDependency;
			target = 43FB8FF52851EA060048E58C /* real_moon (iOS) */;
			targetProxy = 43FB90042851EA060048E58C /* PBXContainerItemProxy */;
		};
		43FB90112851EA060048E58C /* PBXTargetDependency */ = {
			isa = PBXTargetDependency;
			target = 43FB8FFB2851EA060048E58C /* real_moon (macOS) */;
			targetProxy = 43FB90102851EA060048E58C /* PBXContainerItemProxy */;
		};
/* End PBXTargetDependency section */

/* Begin XCBuildConfiguration section */
		43FB901D2851EA060048E58C /* Debug */ = {
			isa = XCBuildConfiguration;
			buildSettings = {
				ALWAYS_SEARCH_USER_PATHS = NO;
				CLANG_ANALYZER_NONNULL = YES;
				CLANG_ANALYZER_NUMBER_OBJECT_CONVERSION = YES_AGGRESSIVE;
				CLANG_CXX_LANGUAGE_STANDARD = "gnu++17";
				CLANG_ENABLE_MODULES = YES;
				CLANG_ENABLE_OBJC_ARC = YES;
				CLANG_ENABLE_OBJC_WEAK = YES;
				CLANG_WARN_BLOCK_CAPTURE_AUTORELEASING = YES;
				CLANG_WARN_BOOL_CONVERSION = YES;
				CLANG_WARN_COMMA = YES;
				CLANG_WARN_CONSTANT_CONVERSION = YES;
				CLANG_WARN_DEPRECATED_OBJC_IMPLEMENTATIONS = YES;
				CLANG_WARN_DIRECT_OBJC_ISA_USAGE = YES_ERROR;
				CLANG_WARN_DOCUMENTATION_COMMENTS = YES;
				CLANG_WARN_EMPTY_BODY = YES;
				CLANG_WARN_ENUM_CONVERSION = YES;
				CLANG_WARN_INFINITE_RECURSION = YES;
				CLANG_WARN_INT_CONVERSION = YES;
				CLANG_WARN_NON_LITERAL_NULL_CONVERSION = YES;
				CLANG_WARN_OBJC_IMPLICIT_RETAIN_SELF = YES;
				CLANG_WARN_OBJC_LITERAL_CONVERSION = YES;
				CLANG_WARN_OBJC_ROOT_CLASS = YES_ERROR;
				CLANG_WARN_QUOTED_INCLUDE_IN_FRAMEWORK_HEADER = YES;
				CLANG_WARN_RANGE_LOOP_ANALYSIS = YES;
				CLANG_WARN_STRICT_PROTOTYPES = YES;
				CLANG_WARN_SUSPICIOUS_MOVE = YES;
				CLANG_WARN_UNGUARDED_AVAILABILITY = YES_AGGRESSIVE;
				CLANG_WARN_UNREACHABLE_CODE = YES;
				CLANG_WARN__DUPLICATE_METHOD_MATCH = YES;
				COPY_PHASE_STRIP = NO;
				DEBUG_INFORMATION_FORMAT = dwarf;
				ENABLE_STRICT_OBJC_MSGSEND = YES;
				ENABLE_TESTABILITY = YES;
				GCC_C_LANGUAGE_STANDARD = gnu11;
				GCC_DYNAMIC_NO_PIC = NO;
				GCC_NO_COMMON_BLOCKS = YES;
				GCC_OPTIMIZATION_LEVEL = 0;
				GCC_PREPROCESSOR_DEFINITIONS = (
					"DEBUG=1",
					"$(inherited)",
				);
				GCC_WARN_64_TO_32_BIT_CONVERSION = YES;
				GCC_WARN_ABOUT_RETURN_TYPE = YES_ERROR;
				GCC_WARN_UNDECLARED_SELECTOR = YES;
				GCC_WARN_UNINITIALIZED_AUTOS = YES_AGGRESSIVE;
				GCC_WARN_UNUSED_FUNCTION = YES;
				GCC_WARN_UNUSED_VARIABLE = YES;
				MTL_ENABLE_DEBUG_INFO = INCLUDE_SOURCE;
				MTL_FAST_MATH = YES;
				ONLY_ACTIVE_ARCH = YES;
				SWIFT_ACTIVE_COMPILATION_CONDITIONS = DEBUG;
				SWIFT_OPTIMIZATION_LEVEL = "-Onone";
			};
			name = Debug;
		};
		43FB901E2851EA060048E58C /* Release */ = {
			isa = XCBuildConfiguration;
			buildSettings = {
				ALWAYS_SEARCH_USER_PATHS = NO;
				CLANG_ANALYZER_NONNULL = YES;
				CLANG_ANALYZER_NUMBER_OBJECT_CONVERSION = YES_AGGRESSIVE;
				CLANG_CXX_LANGUAGE_STANDARD = "gnu++17";
				CLANG_ENABLE_MODULES = YES;
				CLANG_ENABLE_OBJC_ARC = YES;
				CLANG_ENABLE_OBJC_WEAK = YES;
				CLANG_WARN_BLOCK_CAPTURE_AUTORELEASING = YES;
				CLANG_WARN_BOOL_CONVERSION = YES;
				CLANG_WARN_COMMA = YES;
				CLANG_WARN_CONSTANT_CONVERSION = YES;
				CLANG_WARN_DEPRECATED_OBJC_IMPLEMENTATIONS = YES;
				CLANG_WARN_DIRECT_OBJC_ISA_USAGE = YES_ERROR;
				CLANG_WARN_DOCUMENTATION_COMMENTS = YES;
				CLANG_WARN_EMPTY_BODY = YES;
				CLANG_WARN_ENUM_CONVERSION = YES;
				CLANG_WARN_INFINITE_RECURSION = YES;
				CLANG_WARN_INT_CONVERSION = YES;
				CLANG_WARN_NON_LITERAL_NULL_CONVERSION = YES;
				CLANG_WARN_OBJC_IMPLICIT_RETAIN_SELF = YES;
				CLANG_WARN_OBJC_LITERAL_CONVERSION = YES;
				CLANG_WARN_OBJC_ROOT_CLASS = YES_ERROR;
				CLANG_WARN_QUOTED_INCLUDE_IN_FRAMEWORK_HEADER = YES;
				CLANG_WARN_RANGE_LOOP_ANALYSIS = YES;
				CLANG_WARN_STRICT_PROTOTYPES = YES;
				CLANG_WARN_SUSPICIOUS_MOVE = YES;
				CLANG_WARN_UNGUARDED_AVAILABILITY = YES_AGGRESSIVE;
				CLANG_WARN_UNREACHABLE_CODE = YES;
				CLANG_WARN__DUPLICATE_METHOD_MATCH = YES;
				COPY_PHASE_STRIP = NO;
				DEBUG_INFORMATION_FORMAT = "dwarf-with-dsym";
				ENABLE_NS_ASSERTIONS = NO;
				ENABLE_STRICT_OBJC_MSGSEND = YES;
				GCC_C_LANGUAGE_STANDARD = gnu11;
				GCC_NO_COMMON_BLOCKS = YES;
				GCC_WARN_64_TO_32_BIT_CONVERSION = YES;
				GCC_WARN_ABOUT_RETURN_TYPE = YES_ERROR;
				GCC_WARN_UNDECLARED_SELECTOR = YES;
				GCC_WARN_UNINITIALIZED_AUTOS = YES_AGGRESSIVE;
				GCC_WARN_UNUSED_FUNCTION = YES;
				GCC_WARN_UNUSED_VARIABLE = YES;
				MTL_ENABLE_DEBUG_INFO = NO;
				MTL_FAST_MATH = YES;
				SWIFT_COMPILATION_MODE = wholemodule;
				SWIFT_OPTIMIZATION_LEVEL = "-O";
			};
			name = Release;
		};
		43FB90202851EA060048E58C /* Debug */ = {
			isa = XCBuildConfiguration;
			buildSettings = {
				ASSETCATALOG_COMPILER_APPICON_NAME = AppIcon;
				ASSETCATALOG_COMPILER_GLOBAL_ACCENT_COLOR_NAME = AccentColor;
				CODE_SIGN_STYLE = Automatic;
				CURRENT_PROJECT_VERSION = 1;
				ENABLE_PREVIEWS = YES;
				GENERATE_INFOPLIST_FILE = YES;
				INFOPLIST_KEY_UIApplicationSceneManifest_Generation = YES;
				INFOPLIST_KEY_UIApplicationSupportsIndirectInputEvents = YES;
				INFOPLIST_KEY_UILaunchScreen_Generation = YES;
				INFOPLIST_KEY_UISupportedInterfaceOrientations_iPad = "UIInterfaceOrientationPortrait UIInterfaceOrientationPortraitUpsideDown UIInterfaceOrientationLandscapeLeft UIInterfaceOrientationLandscapeRight";
				INFOPLIST_KEY_UISupportedInterfaceOrientations_iPhone = "UIInterfaceOrientationPortrait UIInterfaceOrientationLandscapeLeft UIInterfaceOrientationLandscapeRight";
				IPHONEOS_DEPLOYMENT_TARGET = 15.4;
				LD_RUNPATH_SEARCH_PATHS = (
					"$(inherited)",
					"@executable_path/Frameworks",
				);
				MARKETING_VERSION = 1.0;
				PRODUCT_BUNDLE_IDENTIFIER = "yiyuan.real-moon";
				PRODUCT_NAME = real_moon;
				SDKROOT = iphoneos;
				SWIFT_EMIT_LOC_STRINGS = YES;
				SWIFT_VERSION = 5.0;
				TARGETED_DEVICE_FAMILY = "1,2";
			};
			name = Debug;
		};
		43FB90212851EA060048E58C /* Release */ = {
			isa = XCBuildConfiguration;
			buildSettings = {
				ASSETCATALOG_COMPILER_APPICON_NAME = AppIcon;
				ASSETCATALOG_COMPILER_GLOBAL_ACCENT_COLOR_NAME = AccentColor;
				CODE_SIGN_STYLE = Automatic;
				CURRENT_PROJECT_VERSION = 1;
				ENABLE_PREVIEWS = YES;
				GENERATE_INFOPLIST_FILE = YES;
				INFOPLIST_KEY_UIApplicationSceneManifest_Generation = YES;
				INFOPLIST_KEY_UIApplicationSupportsIndirectInputEvents = YES;
				INFOPLIST_KEY_UILaunchScreen_Generation = YES;
				INFOPLIST_KEY_UISupportedInterfaceOrientations_iPad = "UIInterfaceOrientationPortrait UIInterfaceOrientationPortraitUpsideDown UIInterfaceOrientationLandscapeLeft UIInterfaceOrientationLandscapeRight";
				INFOPLIST_KEY_UISupportedInterfaceOrientations_iPhone = "UIInterfaceOrientationPortrait UIInterfaceOrientationLandscapeLeft UIInterfaceOrientationLandscapeRight";
				IPHONEOS_DEPLOYMENT_TARGET = 15.4;
				LD_RUNPATH_SEARCH_PATHS = (
					"$(inherited)",
					"@executable_path/Frameworks",
				);
				MARKETING_VERSION = 1.0;
				PRODUCT_BUNDLE_IDENTIFIER = "yiyuan.real-moon";
				PRODUCT_NAME = real_moon;
				SDKROOT = iphoneos;
				SWIFT_EMIT_LOC_STRINGS = YES;
				SWIFT_VERSION = 5.0;
				TARGETED_DEVICE_FAMILY = "1,2";
				VALIDATE_PRODUCT = YES;
			};
			name = Release;
		};
		43FB90232851EA060048E58C /* Debug */ = {
			isa = XCBuildConfiguration;
			buildSettings = {
				ASSETCATALOG_COMPILER_APPICON_NAME = AppIcon;
				ASSETCATALOG_COMPILER_GLOBAL_ACCENT_COLOR_NAME = AccentColor;
				CODE_SIGN_ENTITLEMENTS = macOS/macOS.entitlements;
				CODE_SIGN_STYLE = Automatic;
				COMBINE_HIDPI_IMAGES = YES;
				CURRENT_PROJECT_VERSION = 1;
				ENABLE_PREVIEWS = YES;
				GENERATE_INFOPLIST_FILE = YES;
				INFOPLIST_KEY_NSHumanReadableCopyright = "";
				LD_RUNPATH_SEARCH_PATHS = (
					"$(inherited)",
					"@executable_path/../Frameworks",
				);
				MACOSX_DEPLOYMENT_TARGET = 12.3;
				MARKETING_VERSION = 1.0;
				PRODUCT_BUNDLE_IDENTIFIER = "yiyuan.real-moon";
				PRODUCT_NAME = real_moon;
				SDKROOT = macosx;
				SWIFT_EMIT_LOC_STRINGS = YES;
				SWIFT_VERSION = 5.0;
			};
			name = Debug;
		};
		43FB90242851EA060048E58C /* Release */ = {
			isa = XCBuildConfiguration;
			buildSettings = {
				ASSETCATALOG_COMPILER_APPICON_NAME = AppIcon;
				ASSETCATALOG_COMPILER_GLOBAL_ACCENT_COLOR_NAME = AccentColor;
				CODE_SIGN_ENTITLEMENTS = macOS/macOS.entitlements;
				CODE_SIGN_STYLE = Automatic;
				COMBINE_HIDPI_IMAGES = YES;
				CURRENT_PROJECT_VERSION = 1;
				ENABLE_PREVIEWS = YES;
				GENERATE_INFOPLIST_FILE = YES;
				INFOPLIST_KEY_NSHumanReadableCopyright = "";
				LD_RUNPATH_SEARCH_PATHS = (
					"$(inherited)",
					"@executable_path/../Frameworks",
				);
				MACOSX_DEPLOYMENT_TARGET = 12.3;
				MARKETING_VERSION = 1.0;
				PRODUCT_BUNDLE_IDENTIFIER = "yiyuan.real-moon";
				PRODUCT_NAME = real_moon;
				SDKROOT = macosx;
				SWIFT_EMIT_LOC_STRINGS = YES;
				SWIFT_VERSION = 5.0;
			};
			name = Release;
		};
		43FB90262851EA060048E58C /* Debug */ = {
			isa = XCBuildConfiguration;
			buildSettings = {
				ALWAYS_EMBED_SWIFT_STANDARD_LIBRARIES = YES;
				CODE_SIGN_STYLE = Automatic;
				CURRENT_PROJECT_VERSION = 1;
				GENERATE_INFOPLIST_FILE = YES;
				IPHONEOS_DEPLOYMENT_TARGET = 15.4;
				MARKETING_VERSION = 1.0;
				PRODUCT_BUNDLE_IDENTIFIER = "yiyuan.Tests-iOS";
				PRODUCT_NAME = "$(TARGET_NAME)";
				SDKROOT = iphoneos;
				SWIFT_EMIT_LOC_STRINGS = NO;
				SWIFT_VERSION = 5.0;
				TARGETED_DEVICE_FAMILY = "1,2";
				TEST_TARGET_NAME = "real_moon (iOS)";
			};
			name = Debug;
		};
		43FB90272851EA060048E58C /* Release */ = {
			isa = XCBuildConfiguration;
			buildSettings = {
				ALWAYS_EMBED_SWIFT_STANDARD_LIBRARIES = YES;
				CODE_SIGN_STYLE = Automatic;
				CURRENT_PROJECT_VERSION = 1;
				GENERATE_INFOPLIST_FILE = YES;
				IPHONEOS_DEPLOYMENT_TARGET = 15.4;
				MARKETING_VERSION = 1.0;
				PRODUCT_BUNDLE_IDENTIFIER = "yiyuan.Tests-iOS";
				PRODUCT_NAME = "$(TARGET_NAME)";
				SDKROOT = iphoneos;
				SWIFT_EMIT_LOC_STRINGS = NO;
				SWIFT_VERSION = 5.0;
				TARGETED_DEVICE_FAMILY = "1,2";
				TEST_TARGET_NAME = "real_moon (iOS)";
				VALIDATE_PRODUCT = YES;
			};
			name = Release;
		};
		43FB90292851EA060048E58C /* Debug */ = {
			isa = XCBuildConfiguration;
			buildSettings = {
				ALWAYS_EMBED_SWIFT_STANDARD_LIBRARIES = YES;
				CODE_SIGN_STYLE = Automatic;
				CURRENT_PROJECT_VERSION = 1;
				GENERATE_INFOPLIST_FILE = YES;
				MACOSX_DEPLOYMENT_TARGET = 12.3;
				MARKETING_VERSION = 1.0;
				PRODUCT_BUNDLE_IDENTIFIER = "yiyuan.Tests-macOS";
				PRODUCT_NAME = "$(TARGET_NAME)";
				SDKROOT = macosx;
				SWIFT_EMIT_LOC_STRINGS = NO;
				SWIFT_VERSION = 5.0;
				TEST_TARGET_NAME = "real_moon (macOS)";
			};
			name = Debug;
		};
		43FB902A2851EA060048E58C /* Release */ = {
			isa = XCBuildConfiguration;
			buildSettings = {
				ALWAYS_EMBED_SWIFT_STANDARD_LIBRARIES = YES;
				CODE_SIGN_STYLE = Automatic;
				CURRENT_PROJECT_VERSION = 1;
				GENERATE_INFOPLIST_FILE = YES;
				MACOSX_DEPLOYMENT_TARGET = 12.3;
				MARKETING_VERSION = 1.0;
				PRODUCT_BUNDLE_IDENTIFIER = "yiyuan.Tests-macOS";
				PRODUCT_NAME = "$(TARGET_NAME)";
				SDKROOT = macosx;
				SWIFT_EMIT_LOC_STRINGS = NO;
				SWIFT_VERSION = 5.0;
				TEST_TARGET_NAME = "real_moon (macOS)";
			};
			name = Release;
		};
/* End XCBuildConfiguration section */

/* Begin XCConfigurationList section */
		43FB8FED2851EA040048E58C /* Build configuration list for PBXProject "real_moon" */ = {
			isa = XCConfigurationList;
			buildConfigurations = (
				43FB901D2851EA060048E58C /* Debug */,
				43FB901E2851EA060048E58C /* Release */,
			);
			defaultConfigurationIsVisible = 0;
			defaultConfigurationName = Release;
		};
		43FB901F2851EA060048E58C /* Build configuration list for PBXNativeTarget "real_moon (iOS)" */ = {
			isa = XCConfigurationList;
			buildConfigurations = (
				43FB90202851EA060048E58C /* Debug */,
				43FB90212851EA060048E58C /* Release */,
			);
			defaultConfigurationIsVisible = 0;
			defaultConfigurationName = Release;
		};
		43FB90222851EA060048E58C /* Build configuration list for PBXNativeTarget "real_moon (macOS)" */ = {
			isa = XCConfigurationList;
			buildConfigurations = (
				43FB90232851EA060048E58C /* Debug */,
				43FB90242851EA060048E58C /* Release */,
			);
			defaultConfigurationIsVisible = 0;
			defaultConfigurationName = Release;
		};
		43FB90252851EA060048E58C /* Build configuration list for PBXNativeTarget "Tests iOS" */ = {
			isa = XCConfigurationList;
			buildConfigurations = (
				43FB90262851EA060048E58C /* Debug */,
				43FB90272851EA060048E58C /* Release */,
			);
			defaultConfigurationIsVisible = 0;
			defaultConfigurationName = Release;
		};
		43FB90282851EA060048E58C /* Build configuration list for PBXNativeTarget "Tests macOS" */ = {
			isa = XCConfigurationList;
			buildConfigurations = (
				43FB90292851EA060048E58C /* Debug */,
				43FB902A2851EA060048E58C /* Release */,
			);
			defaultConfigurationIsVisible = 0;
			defaultConfigurationName = Release;
		};
/* End XCConfigurationList section */
	};
	rootObject = 43FB8FEA2851EA040048E58C /* Project object */;
}
